
Microsoft Visual Studio Solution File, Format Version 12.00
# Visual Studio 2012
Project("{FAE04EC0-301F-11D3-BF4B-00C04F79EFBC}") = "HungrySurvey", "HungrySurvey\HungrySurvey.csproj", "{2F369005-E822-4F02-9C15-87F2A6C23E1D}"
EndProject
Project("{FAE04EC0-301F-11D3-BF4B-00C04F79EFBC}") = "Hungry.Model", "Hungry.Model\Hungry.Model.csproj", "{3ADCDB64-B75B-4970-9600-A4280C9D393D}"
EndProject
Project("{FAE04EC0-301F-11D3-BF4B-00C04F79EFBC}") = "Hungry.Repository", "Hungry.Repository\Hungry.Repository.csproj", "{EC12AB6A-1C2B-418C-BE3E-AB5AE753CF39}"
EndProject
Project("{FAE04EC0-301F-11D3-BF4B-00C04F79EFBC}") = "Hungry.Service", "Hungry.Service\Hungry.Service.csproj", "{E78C03E1-D8E5-451E-BA1A-8B606EDC091E}"
EndProject
Project("{FAE04EC0-301F-11D3-BF4B-00C04F79EFBC}") = "Hungry.Tests", "Hungry.Tests\Hungry.Tests.csproj", "{ECB935CA-6436-4E7C-8EBE-FACF92B3AF2D}"
EndProject
Global
	GlobalSection(SolutionConfigurationPlatforms) = preSolution
		Debug|Any CPU = Debug|Any CPU
		Release|Any CPU = Release|Any CPU
	EndGlobalSection
	GlobalSection(ProjectConfigurationPlatforms) = postSolution
		{2F369005-E822-4F02-9C15-87F2A6C23E1D}.Debug|Any CPU.ActiveCfg = Debug|Any CPU
		{2F369005-E822-4F02-9C15-87F2A6C23E1D}.Debug|Any CPU.Build.0 = Debug|Any CPU
		{2F369005-E822-4F02-9C15-87F2A6C23E1D}.Release|Any CPU.ActiveCfg = Release|Any CPU
		{2F369005-E822-4F02-9C15-87F2A6C23E1D}.Release|Any CPU.Build.0 = Release|Any CPU
		{3ADCDB64-B75B-4970-9600-A4280C9D393D}.Debug|Any CPU.ActiveCfg = Debug|Any CPU
		{3ADCDB64-B75B-4970-9600-A4280C9D393D}.Debug|Any CPU.Build.0 = Debug|Any CPU
		{3ADCDB64-B75B-4970-9600-A4280C9D393D}.Release|Any CPU.ActiveCfg = Release|Any CPU
		{3ADCDB64-B75B-4970-9600-A4280C9D393D}.Release|Any CPU.Build.0 = Release|Any CPU
		{EC12AB6A-1C2B-418C-BE3E-AB5AE753CF39}.Debug|Any CPU.ActiveCfg = Debug|Any CPU
		{EC12AB6A-1C2B-418C-BE3E-AB5AE753CF39}.Debug|Any CPU.Build.0 = Debug|Any CPU
		{EC12AB6A-1C2B-418C-BE3E-AB5AE753CF39}.Release|Any CPU.ActiveCfg = Release|Any CPU
		{EC12AB6A-1C2B-418C-BE3E-AB5AE753CF39}.Release|Any CPU.Build.0 = Release|Any CPU
		{E78C03E1-D8E5-451E-BA1A-8B606EDC091E}.Debug|Any CPU.ActiveCfg = Debug|Any CPU
		{E78C03E1-D8E5-451E-BA1A-8B606EDC091E}.Debug|Any CPU.Build.0 = Debug|Any CPU
		{E78C03E1-D8E5-451E-BA1A-8B606EDC091E}.Release|Any CPU.ActiveCfg = Release|Any CPU
		{E78C03E1-D8E5-451E-BA1A-8B606EDC091E}.Release|Any CPU.Build.0 = Release|Any CPU
		{ECB935CA-6436-4E7C-8EBE-FACF92B3AF2D}.Debug|Any CPU.ActiveCfg = Debug|Any CPU
		{ECB935CA-6436-4E7C-8EBE-FACF92B3AF2D}.Debug|Any CPU.Build.0 = Debug|Any CPU
		{ECB935CA-6436-4E7C-8EBE-FACF92B3AF2D}.Release|Any CPU.ActiveCfg = Release|Any CPU
		{ECB935CA-6436-4E7C-8EBE-FACF92B3AF2D}.Release|Any CPU.Build.0 = Release|Any CPU
	EndGlobalSection
	GlobalSection(SolutionProperties) = preSolution
		HideSolutionNode = FALSE
	EndGlobalSection
EndGlobal
