
Microsoft Visual Studio Solution File, Format Version 12.00
# Visual Studio 2012
Project("{FAE04EC0-301F-11D3-BF4B-00C04F79EFBC}") = "HungrySurvey", "HungrySurvey\HungrySurvey.csproj", "{887CF854-1A72-4F4E-98F0-F32AE0E7DB80}"
EndProject
Project("{FAE04EC0-301F-11D3-BF4B-00C04F79EFBC}") = "Hungry.Model", "Hungry.Model\Hungry.Model.csproj", "{73C7AF5B-AC32-4507-9B2E-44A9B2B1AD39}"
EndProject
Project("{FAE04EC0-301F-11D3-BF4B-00C04F79EFBC}") = "Hungry.Repository", "Hungry.Repository\Hungry.Repository.csproj", "{E37F79E7-D47D-4EB2-81BE-8BBE84931222}"
EndProject
Project("{FAE04EC0-301F-11D3-BF4B-00C04F79EFBC}") = "Hungry.Service", "Hungry.Service\Hungry.Service.csproj", "{2125BBE6-BDCB-4AF3-8D64-DAF23B1B406E}"
EndProject
Project("{FAE04EC0-301F-11D3-BF4B-00C04F79EFBC}") = "Hungry.Tests", "Hungry.Tests\Hungry.Tests.csproj", "{EA2723FE-F21A-47F8-A480-C2A995B6D2FC}"
EndProject
Global
	GlobalSection(SolutionConfigurationPlatforms) = preSolution
		Debug|Any CPU = Debug|Any CPU
		Release|Any CPU = Release|Any CPU
	EndGlobalSection
	GlobalSection(ProjectConfigurationPlatforms) = postSolution
		{887CF854-1A72-4F4E-98F0-F32AE0E7DB80}.Debug|Any CPU.ActiveCfg = Debug|Any CPU
		{887CF854-1A72-4F4E-98F0-F32AE0E7DB80}.Debug|Any CPU.Build.0 = Debug|Any CPU
		{887CF854-1A72-4F4E-98F0-F32AE0E7DB80}.Release|Any CPU.ActiveCfg = Release|Any CPU
		{887CF854-1A72-4F4E-98F0-F32AE0E7DB80}.Release|Any CPU.Build.0 = Release|Any CPU
		{73C7AF5B-AC32-4507-9B2E-44A9B2B1AD39}.Debug|Any CPU.ActiveCfg = Debug|Any CPU
		{73C7AF5B-AC32-4507-9B2E-44A9B2B1AD39}.Debug|Any CPU.Build.0 = Debug|Any CPU
		{73C7AF5B-AC32-4507-9B2E-44A9B2B1AD39}.Release|Any CPU.ActiveCfg = Release|Any CPU
		{73C7AF5B-AC32-4507-9B2E-44A9B2B1AD39}.Release|Any CPU.Build.0 = Release|Any CPU
		{E37F79E7-D47D-4EB2-81BE-8BBE84931222}.Debug|Any CPU.ActiveCfg = Debug|Any CPU
		{E37F79E7-D47D-4EB2-81BE-8BBE84931222}.Debug|Any CPU.Build.0 = Debug|Any CPU
		{E37F79E7-D47D-4EB2-81BE-8BBE84931222}.Release|Any CPU.ActiveCfg = Release|Any CPU
		{E37F79E7-D47D-4EB2-81BE-8BBE84931222}.Release|Any CPU.Build.0 = Release|Any CPU
		{2125BBE6-BDCB-4AF3-8D64-DAF23B1B406E}.Debug|Any CPU.ActiveCfg = Debug|Any CPU
		{2125BBE6-BDCB-4AF3-8D64-DAF23B1B406E}.Debug|Any CPU.Build.0 = Debug|Any CPU
		{2125BBE6-BDCB-4AF3-8D64-DAF23B1B406E}.Release|Any CPU.ActiveCfg = Release|Any CPU
		{2125BBE6-BDCB-4AF3-8D64-DAF23B1B406E}.Release|Any CPU.Build.0 = Release|Any CPU
		{EA2723FE-F21A-47F8-A480-C2A995B6D2FC}.Debug|Any CPU.ActiveCfg = Debug|Any CPU
		{EA2723FE-F21A-47F8-A480-C2A995B6D2FC}.Debug|Any CPU.Build.0 = Debug|Any CPU
		{EA2723FE-F21A-47F8-A480-C2A995B6D2FC}.Release|Any CPU.ActiveCfg = Release|Any CPU
		{EA2723FE-F21A-47F8-A480-C2A995B6D2FC}.Release|Any CPU.Build.0 = Release|Any CPU
	EndGlobalSection
	GlobalSection(SolutionProperties) = preSolution
		HideSolutionNode = FALSE
	EndGlobalSection
EndGlobal
